version = 1
revision = 3
requires-python = ">=3.11"

[[package]]
name = "dynaconf"
version = "3.2.13"
source = { registry = "https://pypi.org/simple" }
sdist = { url = "https://files.pythonhosted.org/packages/57/0e/05927cf459e73f8bf9a9277cbea6f2d5b7db8a5cc9dc1e20e7a5fbac1b90/dynaconf-3.2.13.tar.gz", hash = "sha256:d79e0189d97b3f226b8ebb1717e2ce05d1a05cdf6ea05de66d24625fdb5a0cbd", size = 283507, upload-time = "2026-03-17T19:38:47.632Z" }
wheels = [
    { url = "https://files.pythonhosted.org/packages/97/43/11d6e5d2c00bf000b5329717c74563bf76a9193f4a41cb0c4ef277dde4fa/dynaconf-3.2.13-py2.py3-none-any.whl", hash = "sha256:4305527aef4834bdba3e39479b23c005186e83fb85f65bcaa4bcea58fa26759b", size = 238041, upload-time = "2026-03-17T19:38:45.337Z" },
]

[[package]]
name = "refined-agents"
version = "0.1.0"
source = { virtual = "." }
dependencies = [
    { name = "dynaconf" },
]

[package.metadata]
requires-dist = [{ name = "dynaconf", specifier = ">=3.2.13" }]
